
Microsoft Visual Studio Solution File, Format Version 12.00
# Visual Studio Version 16
VisualStudioVersion = 16.0.29905.134
MinimumVisualStudioVersion = 10.0.40219.1
Project("{FAE04EC0-301F-11D3-BF4B-00C04F79EFBC}") = "StockPurchase", "StockPurchase\StockPurchase.csproj", "{EEE5A05C-F4A0-49D6-B94E-B4482C75AB56}"
EndProject
Global
	GlobalSection(SolutionConfigurationPlatforms) = preSolution
		Debug|Any CPU = Debug|Any CPU
		Release|Any CPU = Release|Any CPU
	EndGlobalSection
	GlobalSection(ProjectConfigurationPlatforms) = postSolution
		{EEE5A05C-F4A0-49D6-B94E-B4482C75AB56}.Debug|Any CPU.ActiveCfg = Debug|Any CPU
		{EEE5A05C-F4A0-49D6-B94E-B4482C75AB56}.Debug|Any CPU.Build.0 = Debug|Any CPU
		{EEE5A05C-F4A0-49D6-B94E-B4482C75AB56}.Release|Any CPU.ActiveCfg = Release|Any CPU
		{EEE5A05C-F4A0-49D6-B94E-B4482C75AB56}.Release|Any CPU.Build.0 = Release|Any CPU
	EndGlobalSection
	GlobalSection(SolutionProperties) = preSolution
		HideSolutionNode = FALSE
	EndGlobalSection
	GlobalSection(ExtensibilityGlobals) = postSolution
		SolutionGuid = {2D17CED2-61E9-4425-BFF9-BB1B3FDFAE22}
	EndGlobalSection
EndGlobal
